
Microsoft Visual Studio Solution File, Format Version 12.00
# Visual Studio 2013
Project("{FAE04EC0-301F-11D3-BF4B-00C04F79EFBC}") = "DesignPattern2018.2.27.CSharp", "DesignPattern2018.2.27.CSharp.csproj", "{679F084B-4B2B-86CF-54D7-CE8E83FFEA5B}"
EndProject
Project("{FAE04EC0-301F-11D3-BF4B-00C04F79EFBC}") = "DesignPattern2018.2.27.CSharp.Editor", "DesignPattern2018.2.27.CSharp.Editor.csproj", "{1A6BE656-246C-EA3B-888F-C67CE892DB95}"
EndProject
Global
	GlobalSection(SolutionConfigurationPlatforms) = preSolution
		Debug|Any CPU = Debug|Any CPU
		Release|Any CPU = Release|Any CPU
	EndGlobalSection
	GlobalSection(ProjectConfigurationPlatforms) = postSolution
		{679F084B-4B2B-86CF-54D7-CE8E83FFEA5B}.Debug|Any CPU.ActiveCfg = Debug|Any CPU
		{679F084B-4B2B-86CF-54D7-CE8E83FFEA5B}.Debug|Any CPU.Build.0 = Debug|Any CPU
		{679F084B-4B2B-86CF-54D7-CE8E83FFEA5B}.Release|Any CPU.ActiveCfg = Release|Any CPU
		{679F084B-4B2B-86CF-54D7-CE8E83FFEA5B}.Release|Any CPU.Build.0 = Release|Any CPU
		{1A6BE656-246C-EA3B-888F-C67CE892DB95}.Debug|Any CPU.ActiveCfg = Debug|Any CPU
		{1A6BE656-246C-EA3B-888F-C67CE892DB95}.Debug|Any CPU.Build.0 = Debug|Any CPU
		{1A6BE656-246C-EA3B-888F-C67CE892DB95}.Release|Any CPU.ActiveCfg = Release|Any CPU
		{1A6BE656-246C-EA3B-888F-C67CE892DB95}.Release|Any CPU.Build.0 = Release|Any CPU
	EndGlobalSection
	GlobalSection(SolutionProperties) = preSolution
		HideSolutionNode = FALSE
	EndGlobalSection
EndGlobal
